
Microsoft Visual Studio Solution File, Format Version 12.00
# Visual Studio 15
VisualStudioVersion = 15.0.26730.16
MinimumVisualStudioVersion = 10.0.40219.1
Project("{8BC9CEB8-8B4A-11D0-8D11-00A0C91BC942}") = "Project3", "Project3\Project3.vcxproj", "{7E06CC3F-C8C8-4BEF-88F0-358B30B13389}"
EndProject
Global
	GlobalSection(SolutionConfigurationPlatforms) = preSolution
		Debug|x64 = Debug|x64
		Debug|x86 = Debug|x86
		Release|x64 = Release|x64
		Release|x86 = Release|x86
	EndGlobalSection
	GlobalSection(ProjectConfigurationPlatforms) = postSolution
		{7E06CC3F-C8C8-4BEF-88F0-358B30B13389}.Debug|x64.ActiveCfg = Debug|x64
		{7E06CC3F-C8C8-4BEF-88F0-358B30B13389}.Debug|x64.Build.0 = Debug|x64
		{7E06CC3F-C8C8-4BEF-88F0-358B30B13389}.Debug|x86.ActiveCfg = Debug|Win32
		{7E06CC3F-C8C8-4BEF-88F0-358B30B13389}.Debug|x86.Build.0 = Debug|Win32
		{7E06CC3F-C8C8-4BEF-88F0-358B30B13389}.Release|x64.ActiveCfg = Release|x64
		{7E06CC3F-C8C8-4BEF-88F0-358B30B13389}.Release|x64.Build.0 = Release|x64
		{7E06CC3F-C8C8-4BEF-88F0-358B30B13389}.Release|x86.ActiveCfg = Release|Win32
		{7E06CC3F-C8C8-4BEF-88F0-358B30B13389}.Release|x86.Build.0 = Release|Win32
	EndGlobalSection
	GlobalSection(SolutionProperties) = preSolution
		HideSolutionNode = FALSE
	EndGlobalSection
	GlobalSection(ExtensibilityGlobals) = postSolution
		SolutionGuid = {4811D553-95EF-41FC-AF1E-A77300386BD4}
	EndGlobalSection
EndGlobal
